
Microsoft Visual Studio Solution File, Format Version 12.00
# Visual Studio Version 16
VisualStudioVersion = 16.0.30413.136
MinimumVisualStudioVersion = 10.0.40219.1
Project("{8BC9CEB8-8B4A-11D0-8D11-00A0C91BC942}") = "EFTkitRandomizer", "EFTkitRandomizer\EFTkitRandomizer.vcxproj", "{2CBE6D9B-F299-4ACD-8AA2-FD6C61F99848}"
EndProject
Global
	GlobalSection(SolutionConfigurationPlatforms) = preSolution
		Debug|x64 = Debug|x64
		Debug|x86 = Debug|x86
		Release|x64 = Release|x64
		Release|x86 = Release|x86
	EndGlobalSection
	GlobalSection(ProjectConfigurationPlatforms) = postSolution
		{2CBE6D9B-F299-4ACD-8AA2-FD6C61F99848}.Debug|x64.ActiveCfg = Debug|x64
		{2CBE6D9B-F299-4ACD-8AA2-FD6C61F99848}.Debug|x64.Build.0 = Debug|x64
		{2CBE6D9B-F299-4ACD-8AA2-FD6C61F99848}.Debug|x86.ActiveCfg = Debug|Win32
		{2CBE6D9B-F299-4ACD-8AA2-FD6C61F99848}.Debug|x86.Build.0 = Debug|Win32
		{2CBE6D9B-F299-4ACD-8AA2-FD6C61F99848}.Release|x64.ActiveCfg = Release|x64
		{2CBE6D9B-F299-4ACD-8AA2-FD6C61F99848}.Release|x64.Build.0 = Release|x64
		{2CBE6D9B-F299-4ACD-8AA2-FD6C61F99848}.Release|x86.ActiveCfg = Release|Win32
		{2CBE6D9B-F299-4ACD-8AA2-FD6C61F99848}.Release|x86.Build.0 = Release|Win32
	EndGlobalSection
	GlobalSection(SolutionProperties) = preSolution
		HideSolutionNode = FALSE
	EndGlobalSection
	GlobalSection(ExtensibilityGlobals) = postSolution
		SolutionGuid = {25438D63-3876-444F-9334-1B30FBE0F871}
	EndGlobalSection
EndGlobal
